// !$*UTF8*$!
{
	archiveVersion = 1;
	classes = {
	};
	objectVersion = 50;
	objects = {

/* Begin PBXBuildFile section */
		C68DAB3A23832BEE0074738D /* AppDelegate.swift in Sources */ = {isa = PBXBuildFile; fileRef = C68DAB3923832BEE0074738D /* AppDelegate.swift */; };
		C68DAB3C23832BEE0074738D /* SceneDelegate.swift in Sources */ = {isa = PBXBuildFile; fileRef = C68DAB3B23832BEE0074738D /* SceneDelegate.swift */; };
		C68DAB3F23832BEE0074738D /* SwiftUI_Demo.xcdatamodeld in Sources */ = {isa = PBXBuildFile; fileRef = C68DAB3D23832BEE0074738D /* SwiftUI_Demo.xcdatamodeld */; };
		C68DAB4123832BEE0074738D /* ContentView.swift in Sources */ = {isa = PBXBuildFile; fileRef = C68DAB4023832BEE0074738D /* ContentView.swift */; };
		C68DAB4323832BF10074738D /* Assets.xcassets in Resources */ = {isa = PBXBuildFile; fileRef = C68DAB4223832BF10074738D /* Assets.xcassets */; };
		C68DAB4623832BF10074738D /* Preview Assets.xcassets in Resources */ = {isa = PBXBuildFile; fileRef = C68DAB4523832BF10074738D /* Preview Assets.xcassets */; };
		C68DAB4923832BF10074738D /* LaunchScreen.storyboard in Resources */ = {isa = PBXBuildFile; fileRef = C68DAB4723832BF10074738D /* LaunchScreen.storyboard */; };
		C6A84D382384AD4A00E525FB /* CircleImage.swift in Sources */ = {isa = PBXBuildFile; fileRef = C6A84D372384AD4A00E525FB /* CircleImage.swift */; };
		C6A84D3B2384AEE600E525FB /* MapView.swift in Sources */ = {isa = PBXBuildFile; fileRef = C6A84D3A2384AEE600E525FB /* MapView.swift */; };
		C6A84D3E2384B44D00E525FB /* Landmark.swift in Sources */ = {isa = PBXBuildFile; fileRef = C6A84D3D2384B44D00E525FB /* Landmark.swift */; };
		C6A84D402384B4B700E525FB /* Data.swift in Sources */ = {isa = PBXBuildFile; fileRef = C6A84D3F2384B4B700E525FB /* Data.swift */; };
		C6A84D4F2384B54A00E525FB /* chincoteague.jpg in Resources */ = {isa = PBXBuildFile; fileRef = C6A84D422384B54800E525FB /* chincoteague.jpg */; };
		C6A84D502384B54A00E525FB /* rainbowlake.jpg in Resources */ = {isa = PBXBuildFile; fileRef = C6A84D432384B54800E525FB /* rainbowlake.jpg */; };
		C6A84D512384B54A00E525FB /* silversalmoncreek.jpg in Resources */ = {isa = PBXBuildFile; fileRef = C6A84D442384B54800E525FB /* silversalmoncreek.jpg */; };
		C6A84D522384B54A00E525FB /* icybay.jpg in Resources */ = {isa = PBXBuildFile; fileRef = C6A84D452384B54900E525FB /* icybay.jpg */; };
		C6A84D532384B54A00E525FB /* umbagog.jpg in Resources */ = {isa = PBXBuildFile; fileRef = C6A84D462384B54900E525FB /* umbagog.jpg */; };
		C6A84D542384B54A00E525FB /* twinlake.jpg in Resources */ = {isa = PBXBuildFile; fileRef = C6A84D472384B54900E525FB /* twinlake.jpg */; };
		C6A84D552384B54A00E525FB /* yukon_charleyrivers.jpg in Resources */ = {isa = PBXBuildFile; fileRef = C6A84D482384B54900E525FB /* yukon_charleyrivers.jpg */; };
		C6A84D562384B54A00E525FB /* stmarylake.jpg in Resources */ = {isa = PBXBuildFile; fileRef = C6A84D492384B54900E525FB /* stmarylake.jpg */; };
		C6A84D572384B54A00E525FB /* hiddenlake.jpg in Resources */ = {isa = PBXBuildFile; fileRef = C6A84D4A2384B54900E525FB /* hiddenlake.jpg */; };
		C6A84D582384B54A00E525FB /* lakemcdonald.jpg in Resources */ = {isa = PBXBuildFile; fileRef = C6A84D4B2384B54900E525FB /* lakemcdonald.jpg */; };
		C6A84D5A2384B54A00E525FB /* chilkoottrail.jpg in Resources */ = {isa = PBXBuildFile; fileRef = C6A84D4D2384B54900E525FB /* chilkoottrail.jpg */; };
		C6A84D5B2384B54A00E525FB /* turtlerock.jpg in Resources */ = {isa = PBXBuildFile; fileRef = C6A84D4E2384B54A00E525FB /* turtlerock.jpg */; };
		C6A84D5D2384B5C300E525FB /* LandmarkRow.swift in Sources */ = {isa = PBXBuildFile; fileRef = C6A84D5C2384B5C300E525FB /* LandmarkRow.swift */; };
		C6A84D5F2384B77000E525FB /* LandmarkList.swift in Sources */ = {isa = PBXBuildFile; fileRef = C6A84D5E2384B77000E525FB /* LandmarkList.swift */; };
		C6DDE9F02384DB91002AC398 /* landmarkData.json in Resources */ = {isa = PBXBuildFile; fileRef = C6DDE9EF2384DB91002AC398 /* landmarkData.json */; };
/* End PBXBuildFile section */

/* Begin PBXFileReference section */
		C68DAB3623832BEE0074738D /* SwiftUI Demo.app */ = {isa = PBXFileReference; explicitFileType = wrapper.application; includeInIndex = 0; path = "SwiftUI Demo.app"; sourceTree = BUILT_PRODUCTS_DIR; };
		C68DAB3923832BEE0074738D /* AppDelegate.swift */ = {isa = PBXFileReference; lastKnownFileType = sourcecode.swift; path = AppDelegate.swift; sourceTree = "<group>"; };
		C68DAB3B23832BEE0074738D /* SceneDelegate.swift */ = {isa = PBXFileReference; lastKnownFileType = sourcecode.swift; path = SceneDelegate.swift; sourceTree = "<group>"; };
		C68DAB3E23832BEE0074738D /* SwiftUI_Demo.xcdatamodel */ = {isa = PBXFileReference; lastKnownFileType = wrapper.xcdatamodel; path = SwiftUI_Demo.xcdatamodel; sourceTree = "<group>"; };
		C68DAB4023832BEE0074738D /* ContentView.swift */ = {isa = PBXFileReference; lastKnownFileType = sourcecode.swift; path = ContentView.swift; sourceTree = "<group>"; };
		C68DAB4223832BF10074738D /* Assets.xcassets */ = {isa = PBXFileReference; lastKnownFileType = folder.assetcatalog; path = Assets.xcassets; sourceTree = "<group>"; };
		C68DAB4523832BF10074738D /* Preview Assets.xcassets */ = {isa = PBXFileReference; lastKnownFileType = folder.assetcatalog; path = "Preview Assets.xcassets"; sourceTree = "<group>"; };
		C68DAB4823832BF10074738D /* Base */ = {isa = PBXFileReference; lastKnownFileType = file.storyboard; name = Base; path = Base.lproj/LaunchScreen.storyboard; sourceTree = "<group>"; };
		C68DAB4A23832BF10074738D /* Info.plist */ = {isa = PBXFileReference; lastKnownFileType = text.plist.xml; path = Info.plist; sourceTree = "<group>"; };
		C6A84D372384AD4A00E525FB /* CircleImage.swift */ = {isa = PBXFileReference; lastKnownFileType = sourcecode.swift; path = CircleImage.swift; sourceTree = "<group>"; };
		C6A84D3A2384AEE600E525FB /* MapView.swift */ = {isa = PBXFileReference; lastKnownFileType = sourcecode.swift; path = MapView.swift; sourceTree = "<group>"; };
		C6A84D3D2384B44D00E525FB /* Landmark.swift */ = {isa = PBXFileReference; lastKnownFileType = sourcecode.swift; path = Landmark.swift; sourceTree = "<group>"; };
		C6A84D3F2384B4B700E525FB /* Data.swift */ = {isa = PBXFileReference; lastKnownFileType = sourcecode.swift; path = Data.swift; sourceTree = "<group>"; };
		C6A84D422384B54800E525FB /* chincoteague.jpg */ = {isa = PBXFileReference; lastKnownFileType = image.jpeg; path = chincoteague.jpg; sourceTree = "<group>"; };
		C6A84D432384B54800E525FB /* rainbowlake.jpg */ = {isa = PBXFileReference; lastKnownFileType = image.jpeg; path = rainbowlake.jpg; sourceTree = "<group>"; };
		C6A84D442384B54800E525FB /* silversalmoncreek.jpg */ = {isa = PBXFileReference; lastKnownFileType = image.jpeg; path = silversalmoncreek.jpg; sourceTree = "<group>"; };
		C6A84D452384B54900E525FB /* icybay.jpg */ = {isa = PBXFileReference; lastKnownFileType = image.jpeg; path = icybay.jpg; sourceTree = "<group>"; };
		C6A84D462384B54900E525FB /* umbagog.jpg */ = {isa = PBXFileReference; lastKnownFileType = image.jpeg; path = umbagog.jpg; sourceTree = "<group>"; };
		C6A84D472384B54900E525FB /* twinlake.jpg */ = {isa = PBXFileReference; lastKnownFileType = image.jpeg; path = twinlake.jpg; sourceTree = "<group>"; };
		C6A84D482384B54900E525FB /* yukon_charleyrivers.jpg */ = {isa = PBXFileReference; lastKnownFileType = image.jpeg; path = yukon_charleyrivers.jpg; sourceTree = "<group>"; };
		C6A84D492384B54900E525FB /* stmarylake.jpg */ = {isa = PBXFileReference; lastKnownFileType = image.jpeg; path = stmarylake.jpg; sourceTree = "<group>"; };
		C6A84D4A2384B54900E525FB /* hiddenlake.jpg */ = {isa = PBXFileReference; lastKnownFileType = image.jpeg; path = hiddenlake.jpg; sourceTree = "<group>"; };
		C6A84D4B2384B54900E525FB /* lakemcdonald.jpg */ = {isa = PBXFileReference; lastKnownFileType = image.jpeg; path = lakemcdonald.jpg; sourceTree = "<group>"; };
		C6A84D4D2384B54900E525FB /* chilkoottrail.jpg */ = {isa = PBXFileReference; lastKnownFileType = image.jpeg; path = chilkoottrail.jpg; sourceTree = "<group>"; };
		C6A84D4E2384B54A00E525FB /* turtlerock.jpg */ = {isa = PBXFileReference; lastKnownFileType = image.jpeg; path = turtlerock.jpg; sourceTree = "<group>"; };
		C6A84D5C2384B5C300E525FB /* LandmarkRow.swift */ = {isa = PBXFileReference; lastKnownFileType = sourcecode.swift; path = LandmarkRow.swift; sourceTree = "<group>"; };
		C6A84D5E2384B77000E525FB /* LandmarkList.swift */ = {isa = PBXFileReference; lastKnownFileType = sourcecode.swift; path = LandmarkList.swift; sourceTree = "<group>"; };
		C6DDE9EF2384DB91002AC398 /* landmarkData.json */ = {isa = PBXFileReference; fileEncoding = 4; lastKnownFileType = text.json; path = landmarkData.json; sourceTree = "<group>"; };
/* End PBXFileReference section */

/* Begin PBXFrameworksBuildPhase section */
		C68DAB3323832BEE0074738D /* Frameworks */ = {
			isa = PBXFrameworksBuildPhase;
			buildActionMask = 2147483647;
			files = (
			);
			runOnlyForDeploymentPostprocessing = 0;
		};
/* End PBXFrameworksBuildPhase section */

/* Begin PBXGroup section */
		C68DAB2D23832BEE0074738D = {
			isa = PBXGroup;
			children = (
				C68DAB3823832BEE0074738D /* SwiftUI Demo */,
				C68DAB3723832BEE0074738D /* Products */,
			);
			sourceTree = "<group>";
		};
		C68DAB3723832BEE0074738D /* Products */ = {
			isa = PBXGroup;
			children = (
				C68DAB3623832BEE0074738D /* SwiftUI Demo.app */,
			);
			name = Products;
			sourceTree = "<group>";
		};
		C68DAB3823832BEE0074738D /* SwiftUI Demo */ = {
			isa = PBXGroup;
			children = (
				C68DAB3923832BEE0074738D /* AppDelegate.swift */,
				C68DAB3B23832BEE0074738D /* SceneDelegate.swift */,
				C68DAB4023832BEE0074738D /* ContentView.swift */,
				C6A84D412384B53000E525FB /* Resources */,
				C6A84D3C2384B44100E525FB /* Models */,
				C6A84D392384AD5500E525FB /* Views */,
				C68DAB4223832BF10074738D /* Assets.xcassets */,
				C68DAB4723832BF10074738D /* LaunchScreen.storyboard */,
				C68DAB4A23832BF10074738D /* Info.plist */,
				C68DAB3D23832BEE0074738D /* SwiftUI_Demo.xcdatamodeld */,
				C68DAB4423832BF10074738D /* Preview Content */,
			);
			path = "SwiftUI Demo";
			sourceTree = "<group>";
		};
		C68DAB4423832BF10074738D /* Preview Content */ = {
			isa = PBXGroup;
			children = (
				C68DAB4523832BF10074738D /* Preview Assets.xcassets */,
			);
			path = "Preview Content";
			sourceTree = "<group>";
		};
		C6A84D392384AD5500E525FB /* Views */ = {
			isa = PBXGroup;
			children = (
				C6A84D372384AD4A00E525FB /* CircleImage.swift */,
				C6A84D5E2384B77000E525FB /* LandmarkList.swift */,
				C6A84D5C2384B5C300E525FB /* LandmarkRow.swift */,
				C6A84D3A2384AEE600E525FB /* MapView.swift */,
			);
			path = Views;
			sourceTree = "<group>";
		};
		C6A84D3C2384B44100E525FB /* Models */ = {
			isa = PBXGroup;
			children = (
				C6A84D3D2384B44D00E525FB /* Landmark.swift */,
				C6A84D3F2384B4B700E525FB /* Data.swift */,
			);
			path = Models;
			sourceTree = "<group>";
		};
		C6A84D412384B53000E525FB /* Resources */ = {
			isa = PBXGroup;
			children = (
				C6DDE9EF2384DB91002AC398 /* landmarkData.json */,
				C6A84D4D2384B54900E525FB /* chilkoottrail.jpg */,
				C6A84D422384B54800E525FB /* chincoteague.jpg */,
				C6A84D4A2384B54900E525FB /* hiddenlake.jpg */,
				C6A84D452384B54900E525FB /* icybay.jpg */,
				C6A84D4B2384B54900E525FB /* lakemcdonald.jpg */,
				C6A84D432384B54800E525FB /* rainbowlake.jpg */,
				C6A84D442384B54800E525FB /* silversalmoncreek.jpg */,
				C6A84D492384B54900E525FB /* stmarylake.jpg */,
				C6A84D4E2384B54A00E525FB /* turtlerock.jpg */,
				C6A84D472384B54900E525FB /* twinlake.jpg */,
				C6A84D462384B54900E525FB /* umbagog.jpg */,
				C6A84D482384B54900E525FB /* yukon_charleyrivers.jpg */,
			);
			path = Resources;
			sourceTree = "<group>";
		};
/* End PBXGroup section */

/* Begin PBXNativeTarget section */
		C68DAB3523832BEE0074738D /* SwiftUI Demo */ = {
			isa = PBXNativeTarget;
			buildConfigurationList = C68DAB4D23832BF10074738D /* Build configuration list for PBXNativeTarget "SwiftUI Demo" */;
			buildPhases = (
				C68DAB3223832BEE0074738D /* Sources */,
				C68DAB3323832BEE0074738D /* Frameworks */,
				C68DAB3423832BEE0074738D /* Resources */,
			);
			buildRules = (
			);
			dependencies = (
			);
			name = "SwiftUI Demo";
			productName = "SwiftUI Demo";
			productReference = C68DAB3623832BEE0074738D /* SwiftUI Demo.app */;
			productType = "com.apple.product-type.application";
		};
/* End PBXNativeTarget section */

/* Begin PBXProject section */
		C68DAB2E23832BEE0074738D /* Project object */ = {
			isa = PBXProject;
			attributes = {
				LastSwiftUpdateCheck = 1120;
				LastUpgradeCheck = 1120;
				ORGANIZATIONNAME = "Viktor Kirillov";
				TargetAttributes = {
					C68DAB3523832BEE0074738D = {
						CreatedOnToolsVersion = 11.2.1;
					};
				};
			};
			buildConfigurationList = C68DAB3123832BEE0074738D /* Build configuration list for PBXProject "SwiftUI Demo" */;
			compatibilityVersion = "Xcode 9.3";
			developmentRegion = en;
			hasScannedForEncodings = 0;
			knownRegions = (
				en,
				Base,
			);
			mainGroup = C68DAB2D23832BEE0074738D;
			productRefGroup = C68DAB3723832BEE0074738D /* Products */;
			projectDirPath = "";
			projectRoot = "";
			targets = (
				C68DAB3523832BEE0074738D /* SwiftUI Demo */,
			);
		};
/* End PBXProject section */

/* Begin PBXResourcesBuildPhase section */
		C68DAB3423832BEE0074738D /* Resources */ = {
			isa = PBXResourcesBuildPhase;
			buildActionMask = 2147483647;
			files = (
				C68DAB4923832BF10074738D /* LaunchScreen.storyboard in Resources */,
				C6A84D502384B54A00E525FB /* rainbowlake.jpg in Resources */,
				C68DAB4623832BF10074738D /* Preview Assets.xcassets in Resources */,
				C6A84D582384B54A00E525FB /* lakemcdonald.jpg in Resources */,
				C6A84D512384B54A00E525FB /* silversalmoncreek.jpg in Resources */,
				C6A84D552384B54A00E525FB /* yukon_charleyrivers.jpg in Resources */,
				C6A84D532384B54A00E525FB /* umbagog.jpg in Resources */,
				C6A84D4F2384B54A00E525FB /* chincoteague.jpg in Resources */,
				C6A84D542384B54A00E525FB /* twinlake.jpg in Resources */,
				C6A84D522384B54A00E525FB /* icybay.jpg in Resources */,
				C6A84D562384B54A00E525FB /* stmarylake.jpg in Resources */,
				C6A84D5B2384B54A00E525FB /* turtlerock.jpg in Resources */,
				C6A84D572384B54A00E525FB /* hiddenlake.jpg in Resources */,
				C6DDE9F02384DB91002AC398 /* landmarkData.json in Resources */,
				C6A84D5A2384B54A00E525FB /* chilkoottrail.jpg in Resources */,
				C68DAB4323832BF10074738D /* Assets.xcassets in Resources */,
			);
			runOnlyForDeploymentPostprocessing = 0;
		};
/* End PBXResourcesBuildPhase section */

/* Begin PBXSourcesBuildPhase section */
		C68DAB3223832BEE0074738D /* Sources */ = {
			isa = PBXSourcesBuildPhase;
			buildActionMask = 2147483647;
			files = (
				C6A84D3E2384B44D00E525FB /* Landmark.swift in Sources */,
				C6A84D402384B4B700E525FB /* Data.swift in Sources */,
				C68DAB3F23832BEE0074738D /* SwiftUI_Demo.xcdatamodeld in Sources */,
				C6A84D3B2384AEE600E525FB /* MapView.swift in Sources */,
				C68DAB3A23832BEE0074738D /* AppDelegate.swift in Sources */,
				C68DAB4123832BEE0074738D /* ContentView.swift in Sources */,
				C68DAB3C23832BEE0074738D /* SceneDelegate.swift in Sources */,
				C6A84D382384AD4A00E525FB /* CircleImage.swift in Sources */,
				C6A84D5D2384B5C300E525FB /* LandmarkRow.swift in Sources */,
				C6A84D5F2384B77000E525FB /* LandmarkList.swift in Sources */,
			);
			runOnlyForDeploymentPostprocessing = 0;
		};
/* End PBXSourcesBuildPhase section */

/* Begin PBXVariantGroup section */
		C68DAB4723832BF10074738D /* LaunchScreen.storyboard */ = {
			isa = PBXVariantGroup;
			children = (
				C68DAB4823832BF10074738D /* Base */,
			);
			name = LaunchScreen.storyboard;
			sourceTree = "<group>";
		};
/* End PBXVariantGroup section */

/* Begin XCBuildConfiguration section */
		C68DAB4B23832BF10074738D /* Debug */ = {
			isa = XCBuildConfiguration;
			buildSettings = {
				ALWAYS_SEARCH_USER_PATHS = NO;
				CLANG_ANALYZER_NONNULL = YES;
				CLANG_ANALYZER_NUMBER_OBJECT_CONVERSION = YES_AGGRESSIVE;
				CLANG_CXX_LANGUAGE_STANDARD = "gnu++14";
				CLANG_CXX_LIBRARY = "libc++";
				CLANG_ENABLE_MODULES = YES;
				CLANG_ENABLE_OBJC_ARC = YES;
				CLANG_ENABLE_OBJC_WEAK = YES;
				CLANG_WARN_BLOCK_CAPTURE_AUTORELEASING = YES;
				CLANG_WARN_BOOL_CONVERSION = YES;
				CLANG_WARN_COMMA = YES;
				CLANG_WARN_CONSTANT_CONVERSION = YES;
				CLANG_WARN_DEPRECATED_OBJC_IMPLEMENTATIONS = YES;
				CLANG_WARN_DIRECT_OBJC_ISA_USAGE = YES_ERROR;
				CLANG_WARN_DOCUMENTATION_COMMENTS = YES;
				CLANG_WARN_EMPTY_BODY = YES;
				CLANG_WARN_ENUM_CONVERSION = YES;
				CLANG_WARN_INFINITE_RECURSION = YES;
				CLANG_WARN_INT_CONVERSION = YES;
				CLANG_WARN_NON_LITERAL_NULL_CONVERSION = YES;
				CLANG_WARN_OBJC_IMPLICIT_RETAIN_SELF = YES;
				CLANG_WARN_OBJC_LITERAL_CONVERSION = YES;
				CLANG_WARN_OBJC_ROOT_CLASS = YES_ERROR;
				CLANG_WARN_RANGE_LOOP_ANALYSIS = YES;
				CLANG_WARN_STRICT_PROTOTYPES = YES;
				CLANG_WARN_SUSPICIOUS_MOVE = YES;
				CLANG_WARN_UNGUARDED_AVAILABILITY = YES_AGGRESSIVE;
				CLANG_WARN_UNREACHABLE_CODE = YES;
				CLANG_WARN__DUPLICATE_METHOD_MATCH = YES;
				COPY_PHASE_STRIP = NO;
				DEBUG_INFORMATION_FORMAT = dwarf;
				ENABLE_STRICT_OBJC_MSGSEND = YES;
				ENABLE_TESTABILITY = YES;
				GCC_C_LANGUAGE_STANDARD = gnu11;
				GCC_DYNAMIC_NO_PIC = NO;
				GCC_NO_COMMON_BLOCKS = YES;
				GCC_OPTIMIZATION_LEVEL = 0;
				GCC_PREPROCESSOR_DEFINITIONS = (
					"DEBUG=1",
					"$(inherited)",
				);
				GCC_WARN_64_TO_32_BIT_CONVERSION = YES;
				GCC_WARN_ABOUT_RETURN_TYPE = YES_ERROR;
				GCC_WARN_UNDECLARED_SELECTOR = YES;
				GCC_WARN_UNINITIALIZED_AUTOS = YES_AGGRESSIVE;
				GCC_WARN_UNUSED_FUNCTION = YES;
				GCC_WARN_UNUSED_VARIABLE = YES;
				IPHONEOS_DEPLOYMENT_TARGET = 13.2;
				MTL_ENABLE_DEBUG_INFO = INCLUDE_SOURCE;
				MTL_FAST_MATH = YES;
				ONLY_ACTIVE_ARCH = YES;
				SDKROOT = iphoneos;
				SWIFT_ACTIVE_COMPILATION_CONDITIONS = DEBUG;
				SWIFT_OPTIMIZATION_LEVEL = "-Onone";
			};
			name = Debug;
		};
		C68DAB4C23832BF10074738D /* Release */ = {
			isa = XCBuildConfiguration;
			buildSettings = {
				ALWAYS_SEARCH_USER_PATHS = NO;
				CLANG_ANALYZER_NONNULL = YES;
				CLANG_ANALYZER_NUMBER_OBJECT_CONVERSION = YES_AGGRESSIVE;
				CLANG_CXX_LANGUAGE_STANDARD = "gnu++14";
				CLANG_CXX_LIBRARY = "libc++";
				CLANG_ENABLE_MODULES = YES;
				CLANG_ENABLE_OBJC_ARC = YES;
				CLANG_ENABLE_OBJC_WEAK = YES;
				CLANG_WARN_BLOCK_CAPTURE_AUTORELEASING = YES;
				CLANG_WARN_BOOL_CONVERSION = YES;
				CLANG_WARN_COMMA = YES;
				CLANG_WARN_CONSTANT_CONVERSION = YES;
				CLANG_WARN_DEPRECATED_OBJC_IMPLEMENTATIONS = YES;
				CLANG_WARN_DIRECT_OBJC_ISA_USAGE = YES_ERROR;
				CLANG_WARN_DOCUMENTATION_COMMENTS = YES;
				CLANG_WARN_EMPTY_BODY = YES;
				CLANG_WARN_ENUM_CONVERSION = YES;
				CLANG_WARN_INFINITE_RECURSION = YES;
				CLANG_WARN_INT_CONVERSION = YES;
				CLANG_WARN_NON_LITERAL_NULL_CONVERSION = YES;
				CLANG_WARN_OBJC_IMPLICIT_RETAIN_SELF = YES;
				CLANG_WARN_OBJC_LITERAL_CONVERSION = YES;
				CLANG_WARN_OBJC_ROOT_CLASS = YES_ERROR;
				CLANG_WARN_RANGE_LOOP_ANALYSIS = YES;
				CLANG_WARN_STRICT_PROTOTYPES = YES;
				CLANG_WARN_SUSPICIOUS_MOVE = YES;
				CLANG_WARN_UNGUARDED_AVAILABILITY = YES_AGGRESSIVE;
				CLANG_WARN_UNREACHABLE_CODE = YES;
				CLANG_WARN__DUPLICATE_METHOD_MATCH = YES;
				COPY_PHASE_STRIP = NO;
				DEBUG_INFORMATION_FORMAT = "dwarf-with-dsym";
				ENABLE_NS_ASSERTIONS = NO;
				ENABLE_STRICT_OBJC_MSGSEND = YES;
				GCC_C_LANGUAGE_STANDARD = gnu11;
				GCC_NO_COMMON_BLOCKS = YES;
				GCC_WARN_64_TO_32_BIT_CONVERSION = YES;
				GCC_WARN_ABOUT_RETURN_TYPE = YES_ERROR;
				GCC_WARN_UNDECLARED_SELECTOR = YES;
				GCC_WARN_UNINITIALIZED_AUTOS = YES_AGGRESSIVE;
				GCC_WARN_UNUSED_FUNCTION = YES;
				GCC_WARN_UNUSED_VARIABLE = YES;
				IPHONEOS_DEPLOYMENT_TARGET = 13.2;
				MTL_ENABLE_DEBUG_INFO = NO;
				MTL_FAST_MATH = YES;
				SDKROOT = iphoneos;
				SWIFT_COMPILATION_MODE = wholemodule;
				SWIFT_OPTIMIZATION_LEVEL = "-O";
				VALIDATE_PRODUCT = YES;
			};
			name = Release;
		};
		C68DAB4E23832BF10074738D /* Debug */ = {
			isa = XCBuildConfiguration;
			buildSettings = {
				ASSETCATALOG_COMPILER_APPICON_NAME = AppIcon;
				CODE_SIGN_STYLE = Automatic;
				DEVELOPMENT_ASSET_PATHS = "\"SwiftUI Demo/Preview Content\"";
				DEVELOPMENT_TEAM = 8L53A7B5K6;
				ENABLE_PREVIEWS = YES;
				INFOPLIST_FILE = "SwiftUI Demo/Info.plist";
				LD_RUNPATH_SEARCH_PATHS = (
					"$(inherited)",
					"@executable_path/Frameworks",
				);
				PRODUCT_BUNDLE_IDENTIFIER = "com.kirillovmr.SwiftUI-Demo";
				PRODUCT_NAME = "$(TARGET_NAME)";
				SWIFT_VERSION = 5.0;
				TARGETED_DEVICE_FAMILY = "1,2";
			};
			name = Debug;
		};
		C68DAB4F23832BF10074738D /* Release */ = {
			isa = XCBuildConfiguration;
			buildSettings = {
				ASSETCATALOG_COMPILER_APPICON_NAME = AppIcon;
				CODE_SIGN_STYLE = Automatic;
				DEVELOPMENT_ASSET_PATHS = "\"SwiftUI Demo/Preview Content\"";
				DEVELOPMENT_TEAM = 8L53A7B5K6;
				ENABLE_PREVIEWS = YES;
				INFOPLIST_FILE = "SwiftUI Demo/Info.plist";
				LD_RUNPATH_SEARCH_PATHS = (
					"$(inherited)",
					"@executable_path/Frameworks",
				);
				PRODUCT_BUNDLE_IDENTIFIER = "com.kirillovmr.SwiftUI-Demo";
				PRODUCT_NAME = "$(TARGET_NAME)";
				SWIFT_VERSION = 5.0;
				TARGETED_DEVICE_FAMILY = "1,2";
			};
			name = Release;
		};
/* End XCBuildConfiguration section */

/* Begin XCConfigurationList section */
		C68DAB3123832BEE0074738D /* Build configuration list for PBXProject "SwiftUI Demo" */ = {
			isa = XCConfigurationList;
			buildConfigurations = (
				C68DAB4B23832BF10074738D /* Debug */,
				C68DAB4C23832BF10074738D /* Release */,
			);
			defaultConfigurationIsVisible = 0;
			defaultConfigurationName = Release;
		};
		C68DAB4D23832BF10074738D /* Build configuration list for PBXNativeTarget "SwiftUI Demo" */ = {
			isa = XCConfigurationList;
			buildConfigurations = (
				C68DAB4E23832BF10074738D /* Debug */,
				C68DAB4F23832BF10074738D /* Release */,
			);
			defaultConfigurationIsVisible = 0;
			defaultConfigurationName = Release;
		};
/* End XCConfigurationList section */

/* Begin XCVersionGroup section */
		C68DAB3D23832BEE0074738D /* SwiftUI_Demo.xcdatamodeld */ = {
			isa = XCVersionGroup;
			children = (
				C68DAB3E23832BEE0074738D /* SwiftUI_Demo.xcdatamodel */,
			);
			currentVersion = C68DAB3E23832BEE0074738D /* SwiftUI_Demo.xcdatamodel */;
			path = SwiftUI_Demo.xcdatamodeld;
			sourceTree = "<group>";
			versionGroupType = wrapper.xcdatamodel;
		};
/* End XCVersionGroup section */
	};
	rootObject = C68DAB2E23832BEE0074738D /* Project object */;
}
